
Microsoft Visual Studio Solution File, Format Version 12.00
Project("{FAE04EC0-301F-11D3-BF4B-00C04F79EFBC}") = "Api", "Server\Api\Api.csproj", "{9949E8DB-3009-4708-9A8C-A491348D341F}"
EndProject
Project("{FAE04EC0-301F-11D3-BF4B-00C04F79EFBC}") = "Domain", "Server\Domain\Domain.csproj", "{6119D9AB-D7BC-43FA-A01E-99EFA0A81C0D}"
EndProject
Project("{FAE04EC0-301F-11D3-BF4B-00C04F79EFBC}") = "Application.Core", "Server\Application.Core\Application.Core.csproj", "{9B8C004D-B70E-4FC7-8281-7DD07A58D823}"
EndProject
Project("{FAE04EC0-301F-11D3-BF4B-00C04F79EFBC}") = "Infrastructure", "Server\Infrastructure\Infrastructure.csproj", "{713DDE3F-E004-46E7-A95F-0D47E9FEC49E}"
EndProject
Project("{2150E333-8FDC-42A3-9474-1A3956D46DE8}") = "Testing", "Server\Testing", "{383431C3-24C3-49B9-A07F-A402091232EC}"
EndProject
Project("{FAE04EC0-301F-11D3-BF4B-00C04F79EFBC}") = "Application.Testing", "Server\Application.Testing\Application.Testing.csproj", "{D486389C-542C-4A71-B141-33B59BD1ED68}"
EndProject
Project("{FAE04EC0-301F-11D3-BF4B-00C04F79EFBC}") = "Domain.Testing", "Server\Domain.Testing\Domain.Testing.csproj", "{A03126FF-BDCF-4D75-B491-3A20126841A3}"
EndProject
Project("{FAE04EC0-301F-11D3-BF4B-00C04F79EFBC}") = "Scheduler", "Server\Scheduler\Scheduler.csproj", "{52A85C49-BD88-49B0-8340-02A5CB55CF90}"
EndProject
Project("{FAE04EC0-301F-11D3-BF4B-00C04F79EFBC}") = "Testing.Shared", "Server\Testing.Shared\Testing.Shared.csproj", "{7E15BD5F-6AC0-4CBF-9602-34D31E48F94D}"
EndProject
Project("{2150E333-8FDC-42A3-9474-1A3956D46DE8}") = "Infrastructure", "Server\Infrastructure", "{1298CF82-3FD2-471F-82CA-CD6ED5DA141E}"
EndProject
Project("{2150E333-8FDC-42A3-9474-1A3956D46DE8}") = "Core", "Server\Core", "{5C174A4C-FAEC-4040-B865-AF61D0EFC232}"
EndProject
Global
	GlobalSection(SolutionConfigurationPlatforms) = preSolution
		Debug|Any CPU = Debug|Any CPU
		Release|Any CPU = Release|Any CPU
	EndGlobalSection
	GlobalSection(ProjectConfigurationPlatforms) = postSolution
		{9949E8DB-3009-4708-9A8C-A491348D341F}.Debug|Any CPU.ActiveCfg = Debug|Any CPU
		{9949E8DB-3009-4708-9A8C-A491348D341F}.Debug|Any CPU.Build.0 = Debug|Any CPU
		{9949E8DB-3009-4708-9A8C-A491348D341F}.Release|Any CPU.ActiveCfg = Release|Any CPU
		{9949E8DB-3009-4708-9A8C-A491348D341F}.Release|Any CPU.Build.0 = Release|Any CPU
		{6119D9AB-D7BC-43FA-A01E-99EFA0A81C0D}.Debug|Any CPU.ActiveCfg = Debug|Any CPU
		{6119D9AB-D7BC-43FA-A01E-99EFA0A81C0D}.Debug|Any CPU.Build.0 = Debug|Any CPU
		{6119D9AB-D7BC-43FA-A01E-99EFA0A81C0D}.Release|Any CPU.ActiveCfg = Release|Any CPU
		{6119D9AB-D7BC-43FA-A01E-99EFA0A81C0D}.Release|Any CPU.Build.0 = Release|Any CPU
		{9B8C004D-B70E-4FC7-8281-7DD07A58D823}.Debug|Any CPU.ActiveCfg = Debug|Any CPU
		{9B8C004D-B70E-4FC7-8281-7DD07A58D823}.Debug|Any CPU.Build.0 = Debug|Any CPU
		{9B8C004D-B70E-4FC7-8281-7DD07A58D823}.Release|Any CPU.ActiveCfg = Release|Any CPU
		{9B8C004D-B70E-4FC7-8281-7DD07A58D823}.Release|Any CPU.Build.0 = Release|Any CPU
		{713DDE3F-E004-46E7-A95F-0D47E9FEC49E}.Debug|Any CPU.ActiveCfg = Debug|Any CPU
		{713DDE3F-E004-46E7-A95F-0D47E9FEC49E}.Debug|Any CPU.Build.0 = Debug|Any CPU
		{713DDE3F-E004-46E7-A95F-0D47E9FEC49E}.Release|Any CPU.ActiveCfg = Release|Any CPU
		{713DDE3F-E004-46E7-A95F-0D47E9FEC49E}.Release|Any CPU.Build.0 = Release|Any CPU
		{D486389C-542C-4A71-B141-33B59BD1ED68}.Debug|Any CPU.ActiveCfg = Debug|Any CPU
		{D486389C-542C-4A71-B141-33B59BD1ED68}.Debug|Any CPU.Build.0 = Debug|Any CPU
		{D486389C-542C-4A71-B141-33B59BD1ED68}.Release|Any CPU.ActiveCfg = Release|Any CPU
		{D486389C-542C-4A71-B141-33B59BD1ED68}.Release|Any CPU.Build.0 = Release|Any CPU
		{A03126FF-BDCF-4D75-B491-3A20126841A3}.Debug|Any CPU.ActiveCfg = Debug|Any CPU
		{A03126FF-BDCF-4D75-B491-3A20126841A3}.Debug|Any CPU.Build.0 = Debug|Any CPU
		{A03126FF-BDCF-4D75-B491-3A20126841A3}.Release|Any CPU.ActiveCfg = Release|Any CPU
		{A03126FF-BDCF-4D75-B491-3A20126841A3}.Release|Any CPU.Build.0 = Release|Any CPU
		{52A85C49-BD88-49B0-8340-02A5CB55CF90}.Debug|Any CPU.ActiveCfg = Debug|Any CPU
		{52A85C49-BD88-49B0-8340-02A5CB55CF90}.Debug|Any CPU.Build.0 = Debug|Any CPU
		{52A85C49-BD88-49B0-8340-02A5CB55CF90}.Release|Any CPU.ActiveCfg = Release|Any CPU
		{52A85C49-BD88-49B0-8340-02A5CB55CF90}.Release|Any CPU.Build.0 = Release|Any CPU
		{7E15BD5F-6AC0-4CBF-9602-34D31E48F94D}.Debug|Any CPU.ActiveCfg = Debug|Any CPU
		{7E15BD5F-6AC0-4CBF-9602-34D31E48F94D}.Debug|Any CPU.Build.0 = Debug|Any CPU
		{7E15BD5F-6AC0-4CBF-9602-34D31E48F94D}.Release|Any CPU.ActiveCfg = Release|Any CPU
		{7E15BD5F-6AC0-4CBF-9602-34D31E48F94D}.Release|Any CPU.Build.0 = Release|Any CPU
	EndGlobalSection
	GlobalSection(NestedProjects) = preSolution
		{D486389C-542C-4A71-B141-33B59BD1ED68} = {383431C3-24C3-49B9-A07F-A402091232EC}
		{A03126FF-BDCF-4D75-B491-3A20126841A3} = {383431C3-24C3-49B9-A07F-A402091232EC}
		{7E15BD5F-6AC0-4CBF-9602-34D31E48F94D} = {383431C3-24C3-49B9-A07F-A402091232EC}
		{9949E8DB-3009-4708-9A8C-A491348D341F} = {1298CF82-3FD2-471F-82CA-CD6ED5DA141E}
		{713DDE3F-E004-46E7-A95F-0D47E9FEC49E} = {1298CF82-3FD2-471F-82CA-CD6ED5DA141E}
		{52A85C49-BD88-49B0-8340-02A5CB55CF90} = {1298CF82-3FD2-471F-82CA-CD6ED5DA141E}
		{9B8C004D-B70E-4FC7-8281-7DD07A58D823} = {5C174A4C-FAEC-4040-B865-AF61D0EFC232}
		{6119D9AB-D7BC-43FA-A01E-99EFA0A81C0D} = {5C174A4C-FAEC-4040-B865-AF61D0EFC232}
	EndGlobalSection
EndGlobal
